
Microsoft Visual Studio Solution File, Format Version 12.00
# Visual Studio 14
VisualStudioVersion = 14.0.25420.1
MinimumVisualStudioVersion = 10.0.40219.1
Project("{FAE04EC0-301F-11D3-BF4B-00C04F79EFBC}") = "Mindlance.WebAPI", "Mindlance.WebAPI\Mindlance.WebAPI.csproj", "{C7289A98-8E97-40D2-9FDD-62D4788AFDC8}"
EndProject
Project("{FAE04EC0-301F-11D3-BF4B-00C04F79EFBC}") = "Mindlance.CORE", "Mindlance.CORE\Mindlance.CORE.csproj", "{2507D28C-0546-4BC7-9686-FE472893BBB4}"
EndProject
Global
	GlobalSection(SolutionConfigurationPlatforms) = preSolution
		Debug|Any CPU = Debug|Any CPU
		Release|Any CPU = Release|Any CPU
	EndGlobalSection
	GlobalSection(ProjectConfigurationPlatforms) = postSolution
		{C7289A98-8E97-40D2-9FDD-62D4788AFDC8}.Debug|Any CPU.ActiveCfg = Debug|Any CPU
		{C7289A98-8E97-40D2-9FDD-62D4788AFDC8}.Debug|Any CPU.Build.0 = Debug|Any CPU
		{C7289A98-8E97-40D2-9FDD-62D4788AFDC8}.Release|Any CPU.ActiveCfg = Release|Any CPU
		{C7289A98-8E97-40D2-9FDD-62D4788AFDC8}.Release|Any CPU.Build.0 = Release|Any CPU
		{2507D28C-0546-4BC7-9686-FE472893BBB4}.Debug|Any CPU.ActiveCfg = Debug|Any CPU
		{2507D28C-0546-4BC7-9686-FE472893BBB4}.Debug|Any CPU.Build.0 = Debug|Any CPU
		{2507D28C-0546-4BC7-9686-FE472893BBB4}.Release|Any CPU.ActiveCfg = Release|Any CPU
		{2507D28C-0546-4BC7-9686-FE472893BBB4}.Release|Any CPU.Build.0 = Release|Any CPU
	EndGlobalSection
	GlobalSection(SolutionProperties) = preSolution
		HideSolutionNode = FALSE
	EndGlobalSection
EndGlobal
